
Microsoft Visual Studio Solution File, Format Version 12.00
# Visual Studio 2013
VisualStudioVersion = 12.0.21005.1
MinimumVisualStudioVersion = 10.0.40219.1
Project("{FAE04EC0-301F-11D3-BF4B-00C04F79EFBC}") = "ExplorePortal", "ExplorePortal\ExplorePortal.csproj", "{2F1A359C-916F-4750-A68B-5AA1C05E9BDF}"
EndProject
Project("{FAE04EC0-301F-11D3-BF4B-00C04F79EFBC}") = "ExploreModel", "ExploreModel\ExploreModel.csproj", "{0FBA222F-92F9-4979-87F5-4351449A0C84}"
EndProject
Global
	GlobalSection(SolutionConfigurationPlatforms) = preSolution
		Debug|Any CPU = Debug|Any CPU
		Release|Any CPU = Release|Any CPU
	EndGlobalSection
	GlobalSection(ProjectConfigurationPlatforms) = postSolution
		{2F1A359C-916F-4750-A68B-5AA1C05E9BDF}.Debug|Any CPU.ActiveCfg = Debug|Any CPU
		{2F1A359C-916F-4750-A68B-5AA1C05E9BDF}.Debug|Any CPU.Build.0 = Debug|Any CPU
		{2F1A359C-916F-4750-A68B-5AA1C05E9BDF}.Release|Any CPU.ActiveCfg = Release|Any CPU
		{2F1A359C-916F-4750-A68B-5AA1C05E9BDF}.Release|Any CPU.Build.0 = Release|Any CPU
		{0FBA222F-92F9-4979-87F5-4351449A0C84}.Debug|Any CPU.ActiveCfg = Debug|Any CPU
		{0FBA222F-92F9-4979-87F5-4351449A0C84}.Debug|Any CPU.Build.0 = Debug|Any CPU
		{0FBA222F-92F9-4979-87F5-4351449A0C84}.Release|Any CPU.ActiveCfg = Release|Any CPU
		{0FBA222F-92F9-4979-87F5-4351449A0C84}.Release|Any CPU.Build.0 = Release|Any CPU
	EndGlobalSection
	GlobalSection(SolutionProperties) = preSolution
		HideSolutionNode = FALSE
	EndGlobalSection
EndGlobal
